
Microsoft Visual Studio Solution File, Format Version 12.00
# Visual Studio Version 17
VisualStudioVersion = 17.8.36227.8
MinimumVisualStudioVersion = 10.0.40219.1
Project("{2150E333-8FDC-42A3-9474-1A3956D46DE8}") = "Solution Items", "Solution Items", "{E0049F43-8452-43EA-9025-89EB79416195}"
	ProjectSection(SolutionItems) = preProject
		.editorconfig = .editorconfig
		Directory.Build.props = Directory.Build.props
		Directory.Build.targets = Directory.Build.targets
		global.json = global.json
		nuget.config = nuget.config
	EndProjectSection
EndProject
Project("{2150E333-8FDC-42A3-9474-1A3956D46DE8}") = "SlnLibrary", "SlnLibrary", "{BF91C9B9-D870-4AE6-9D8D-CED17DE59BB4}"
EndProject
Project("{2150E333-8FDC-42A3-9474-1A3956D46DE8}") = "Configfiles", "Configfiles", "{DA61F361-335A-4F31-9262-2E9900FD1284}"
	ProjectSection(SolutionItems) = preProject
		_configs\appsettings.json = _configs\appsettings.json
		_configs\Custom.props = _configs\Custom.props
		_configs\dotnetFour.props = _configs\dotnetFour.props
		_configs\dotnetframeworks.props = _configs\dotnetframeworks.props
		_configs\dotnetframeworkscustom.props = _configs\dotnetframeworkscustom.props
		_configs\ExeConfigs.props = _configs\ExeConfigs.props
		_configs\Extensions.props = _configs\Extensions.props
		_configs\UnsafeDotnetElements.props = _configs\UnsafeDotnetElements.props
	EndProjectSection
EndProject
Project("{2150E333-8FDC-42A3-9474-1A3956D46DE8}") = "SharedSrc", "SharedSrc", "{C6E5ECB7-3B57-4185-B1E4-D1E661404302}"
EndProject
Project("{D954291E-2A0B-460D-934E-DC6B0785DB48}") = "HelperClass", "src\SharedSrc\HelperClass\HelperClass.shproj", "{90CF9B0A-0DC5-42A1-916A-784B362D6C34}"
EndProject
Project("{D954291E-2A0B-460D-934E-DC6B0785DB48}") = "FrameWorkEngine.Unsafe", "src\SharedSrc\FrameWorkEngine.Unsafe\FrameWorkEngine.Unsafe.shproj", "{4A4DCE20-34CE-4E73-AAA7-63A88D18245C}"
EndProject
Project("{D954291E-2A0B-460D-934E-DC6B0785DB48}") = "DiskInfoArtificial.Shared", "src\SharedSrc\DiskInfoArtificial.Shared\DiskInfoArtificial.Shared.shproj", "{3D03EFE8-15B4-422A-B18C-9F089ABE1F46}"
EndProject
Project("{FAE04EC0-301F-11D3-BF4B-00C04F79EFBC}") = "CrystalDiskInfoDotnet", "src\CsharpSrc\CrystalDiskInfoDotnet\CrystalDiskInfoDotnet.csproj", "{34C518D6-F8EF-49D2-95D2-27303B0BDAE6}"
EndProject
Project("{FAE04EC0-301F-11D3-BF4B-00C04F79EFBC}") = "DiskInfoArtificial", "src\CsharpSrc\DiskInfoArtificial\DiskInfoArtificial.csproj", "{649E6B9F-CD2D-47B1-8F95-71396CBDDD21}"
EndProject
Project("{FAE04EC0-301F-11D3-BF4B-00C04F79EFBC}") = "DiskInfoArtificial.Extension", "src\CsharpSrc\DiskInfoArtificial.Extension\DiskInfoArtificial.Extension.csproj", "{3BF84F04-644F-4F5B-BF54-BDAC906E6FA5}"
EndProject
Project("{FAE04EC0-301F-11D3-BF4B-00C04F79EFBC}") = "DiskInfoArtificial.Test", "src\CsharpSrc\DiskInfoArtificial.Test\DiskInfoArtificial.Test.csproj", "{2A90C310-7F2F-4A9E-8AEE-15007D0F9414}"
EndProject
Global
	GlobalSection(SolutionConfigurationPlatforms) = preSolution
		Debug|Any CPU = Debug|Any CPU
		Debug|x64 = Debug|x64
		Debug|x86 = Debug|x86
		Release|Any CPU = Release|Any CPU
		Release|x64 = Release|x64
		Release|x86 = Release|x86
	EndGlobalSection
	GlobalSection(ProjectConfigurationPlatforms) = postSolution
		{34C518D6-F8EF-49D2-95D2-27303B0BDAE6}.Debug|Any CPU.ActiveCfg = Debug|Any CPU
		{34C518D6-F8EF-49D2-95D2-27303B0BDAE6}.Debug|Any CPU.Build.0 = Debug|Any CPU
		{34C518D6-F8EF-49D2-95D2-27303B0BDAE6}.Debug|x64.ActiveCfg = Debug|x64
		{34C518D6-F8EF-49D2-95D2-27303B0BDAE6}.Debug|x64.Build.0 = Debug|x64
		{34C518D6-F8EF-49D2-95D2-27303B0BDAE6}.Debug|x86.ActiveCfg = Debug|x86
		{34C518D6-F8EF-49D2-95D2-27303B0BDAE6}.Debug|x86.Build.0 = Debug|x86
		{34C518D6-F8EF-49D2-95D2-27303B0BDAE6}.Release|Any CPU.ActiveCfg = Release|Any CPU
		{34C518D6-F8EF-49D2-95D2-27303B0BDAE6}.Release|Any CPU.Build.0 = Release|Any CPU
		{34C518D6-F8EF-49D2-95D2-27303B0BDAE6}.Release|x64.ActiveCfg = Release|x64
		{34C518D6-F8EF-49D2-95D2-27303B0BDAE6}.Release|x64.Build.0 = Release|x64
		{34C518D6-F8EF-49D2-95D2-27303B0BDAE6}.Release|x86.ActiveCfg = Release|x86
		{34C518D6-F8EF-49D2-95D2-27303B0BDAE6}.Release|x86.Build.0 = Release|x86
		{649E6B9F-CD2D-47B1-8F95-71396CBDDD21}.Debug|Any CPU.ActiveCfg = Debug|Any CPU
		{649E6B9F-CD2D-47B1-8F95-71396CBDDD21}.Debug|Any CPU.Build.0 = Debug|Any CPU
		{649E6B9F-CD2D-47B1-8F95-71396CBDDD21}.Debug|x64.ActiveCfg = Debug|x64
		{649E6B9F-CD2D-47B1-8F95-71396CBDDD21}.Debug|x64.Build.0 = Debug|x64
		{649E6B9F-CD2D-47B1-8F95-71396CBDDD21}.Debug|x86.ActiveCfg = Debug|x86
		{649E6B9F-CD2D-47B1-8F95-71396CBDDD21}.Debug|x86.Build.0 = Debug|x86
		{649E6B9F-CD2D-47B1-8F95-71396CBDDD21}.Release|Any CPU.ActiveCfg = Release|Any CPU
		{649E6B9F-CD2D-47B1-8F95-71396CBDDD21}.Release|Any CPU.Build.0 = Release|Any CPU
		{649E6B9F-CD2D-47B1-8F95-71396CBDDD21}.Release|x64.ActiveCfg = Release|x64
		{649E6B9F-CD2D-47B1-8F95-71396CBDDD21}.Release|x64.Build.0 = Release|x64
		{649E6B9F-CD2D-47B1-8F95-71396CBDDD21}.Release|x86.ActiveCfg = Release|x86
		{649E6B9F-CD2D-47B1-8F95-71396CBDDD21}.Release|x86.Build.0 = Release|x86
		{3BF84F04-644F-4F5B-BF54-BDAC906E6FA5}.Debug|Any CPU.ActiveCfg = Debug|Any CPU
		{3BF84F04-644F-4F5B-BF54-BDAC906E6FA5}.Debug|Any CPU.Build.0 = Debug|Any CPU
		{3BF84F04-644F-4F5B-BF54-BDAC906E6FA5}.Debug|x64.ActiveCfg = Debug|x64
		{3BF84F04-644F-4F5B-BF54-BDAC906E6FA5}.Debug|x64.Build.0 = Debug|x64
		{3BF84F04-644F-4F5B-BF54-BDAC906E6FA5}.Debug|x86.ActiveCfg = Debug|x86
		{3BF84F04-644F-4F5B-BF54-BDAC906E6FA5}.Debug|x86.Build.0 = Debug|x86
		{3BF84F04-644F-4F5B-BF54-BDAC906E6FA5}.Release|Any CPU.ActiveCfg = Release|Any CPU
		{3BF84F04-644F-4F5B-BF54-BDAC906E6FA5}.Release|Any CPU.Build.0 = Release|Any CPU
		{3BF84F04-644F-4F5B-BF54-BDAC906E6FA5}.Release|x64.ActiveCfg = Release|x64
		{3BF84F04-644F-4F5B-BF54-BDAC906E6FA5}.Release|x64.Build.0 = Release|x64
		{3BF84F04-644F-4F5B-BF54-BDAC906E6FA5}.Release|x86.ActiveCfg = Release|x86
		{3BF84F04-644F-4F5B-BF54-BDAC906E6FA5}.Release|x86.Build.0 = Release|x86
		{2A90C310-7F2F-4A9E-8AEE-15007D0F9414}.Debug|Any CPU.ActiveCfg = Debug|Any CPU
		{2A90C310-7F2F-4A9E-8AEE-15007D0F9414}.Debug|Any CPU.Build.0 = Debug|Any CPU
		{2A90C310-7F2F-4A9E-8AEE-15007D0F9414}.Debug|x64.ActiveCfg = Debug|x64
		{2A90C310-7F2F-4A9E-8AEE-15007D0F9414}.Debug|x64.Build.0 = Debug|x64
		{2A90C310-7F2F-4A9E-8AEE-15007D0F9414}.Debug|x86.ActiveCfg = Debug|x86
		{2A90C310-7F2F-4A9E-8AEE-15007D0F9414}.Debug|x86.Build.0 = Debug|x86
		{2A90C310-7F2F-4A9E-8AEE-15007D0F9414}.Release|Any CPU.ActiveCfg = Release|Any CPU
		{2A90C310-7F2F-4A9E-8AEE-15007D0F9414}.Release|Any CPU.Build.0 = Release|Any CPU
		{2A90C310-7F2F-4A9E-8AEE-15007D0F9414}.Release|x64.ActiveCfg = Release|x64
		{2A90C310-7F2F-4A9E-8AEE-15007D0F9414}.Release|x64.Build.0 = Release|x64
		{2A90C310-7F2F-4A9E-8AEE-15007D0F9414}.Release|x86.ActiveCfg = Release|x86
		{2A90C310-7F2F-4A9E-8AEE-15007D0F9414}.Release|x86.Build.0 = Release|x86
	EndGlobalSection
	GlobalSection(SolutionProperties) = preSolution
		HideSolutionNode = FALSE
	EndGlobalSection
	GlobalSection(NestedProjects) = preSolution
		{DA61F361-335A-4F31-9262-2E9900FD1284} = {BF91C9B9-D870-4AE6-9D8D-CED17DE59BB4}
		{C6E5ECB7-3B57-4185-B1E4-D1E661404302} = {BF91C9B9-D870-4AE6-9D8D-CED17DE59BB4}
		{90CF9B0A-0DC5-42A1-916A-784B362D6C34} = {C6E5ECB7-3B57-4185-B1E4-D1E661404302}
		{4A4DCE20-34CE-4E73-AAA7-63A88D18245C} = {C6E5ECB7-3B57-4185-B1E4-D1E661404302}
		{3D03EFE8-15B4-422A-B18C-9F089ABE1F46} = {C6E5ECB7-3B57-4185-B1E4-D1E661404302}
	EndGlobalSection
	GlobalSection(ExtensibilityGlobals) = postSolution
		SolutionGuid = {A2798BBA-A1CB-4E01-AF5A-E3CB08D9646B}
	EndGlobalSection
	GlobalSection(SharedMSBuildProjectFiles) = preSolution
		src\SharedSrc\HelperClass\HelperClass.projitems*{3bf84f04-644f-4f5b-bf54-bdac906e6fa5}*SharedItemsImports = 5
		src\SharedSrc\DiskInfoArtificial.Shared\DiskInfoArtificial.Shared.projitems*{3d03efe8-15b4-422a-b18c-9f089abe1f46}*SharedItemsImports = 13
		src\SharedSrc\FrameWorkEngine.Unsafe\FrameWorkEngine.projitems*{4a4dce20-34ce-4e73-aaa7-63a88d18245c}*SharedItemsImports = 13
		src\SharedSrc\DiskInfoArtificial.Shared\DiskInfoArtificial.Shared.projitems*{649e6b9f-cd2d-47b1-8f95-71396cbddd21}*SharedItemsImports = 5
		src\SharedSrc\HelperClass\HelperClass.projitems*{90cf9b0a-0dc5-42a1-916a-784b362d6c34}*SharedItemsImports = 13
	EndGlobalSection
EndGlobal
