
Microsoft Visual Studio Solution File, Format Version 12.00
# Visual Studio Version 17
VisualStudioVersion = 17.8.36227.8
MinimumVisualStudioVersion = 10.0.40219.1
Project("{2150E333-8FDC-42A3-9474-1A3956D46DE8}") = "Solution Items", "Solution Items", "{E0049F43-8452-43EA-9025-89EB79416195}"
	ProjectSection(SolutionItems) = preProject
		.editorconfig = .editorconfig
		Directory.Build.props = Directory.Build.props
		Directory.Build.targets = Directory.Build.targets
		global.json = global.json
		nuget.config = nuget.config
	EndProjectSection
EndProject
Project("{2150E333-8FDC-42A3-9474-1A3956D46DE8}") = "SlnLibrary", "SlnLibrary", "{BF91C9B9-D870-4AE6-9D8D-CED17DE59BB4}"
EndProject
Project("{2150E333-8FDC-42A3-9474-1A3956D46DE8}") = "Configfiles", "Configfiles", "{DA61F361-335A-4F31-9262-2E9900FD1284}"
	ProjectSection(SolutionItems) = preProject
		_configs\appsettings.json = _configs\appsettings.json
		_configs\Custom.props = _configs\Custom.props
		_configs\dotnetFour.props = _configs\dotnetFour.props
		_configs\dotnetframeworks.props = _configs\dotnetframeworks.props
		_configs\dotnetframeworkscustom.props = _configs\dotnetframeworkscustom.props
		_configs\ExeConfigs.props = _configs\ExeConfigs.props
		_configs\Extensions.props = _configs\Extensions.props
		_configs\UnsafeDotnetElements.props = _configs\UnsafeDotnetElements.props
	EndProjectSection
EndProject
Project("{2150E333-8FDC-42A3-9474-1A3956D46DE8}") = "SharedSrc", "SharedSrc", "{C6E5ECB7-3B57-4185-B1E4-D1E661404302}"
EndProject
Project("{D954291E-2A0B-460D-934E-DC6B0785DB48}") = "CrystalDiskInfoDotnet.Shared", "src\SharedSrc\CrystalDiskInfoDotnet.Shared\CrystalDiskInfoDotnet.Shared.shproj", "{153CE141-F56B-44A2-8EDE-32062D8255B9}"
EndProject
Project("{D954291E-2A0B-460D-934E-DC6B0785DB48}") = "DiskInfoArtificial.Shared", "src\SharedSrc\DiskInfoArtificial.Shared\DiskInfoArtificial.Shared.shproj", "{3D03EFE8-15B4-422A-B18C-9F089ABE1F46}"
EndProject
Project("{D954291E-2A0B-460D-934E-DC6B0785DB48}") = "FrameWorkEngine.Unsafe", "src\SharedSrc\FrameWorkEngine.Unsafe\FrameWorkEngine.Unsafe.shproj", "{4A4DCE20-34CE-4E73-AAA7-63A88D18245C}"
EndProject
Project("{D954291E-2A0B-460D-934E-DC6B0785DB48}") = "HelperClass", "src\SharedSrc\HelperClass\HelperClass.shproj", "{90CF9B0A-0DC5-42A1-916A-784B362D6C34}"
EndProject
Project("{9A19103F-16F7-4668-BE54-9A1E7A4F7556}") = "CrystalDiskInfoDotnet", "src\CsharpSrc\CrystalDiskInfoDotnet\CrystalDiskInfoDotnet.csproj", "{5419DC88-3A9C-4525-9EFB-60F06CACAB4C}"
EndProject
Project("{9A19103F-16F7-4668-BE54-9A1E7A4F7556}") = "DiskInfoArtificial", "src\CsharpSrc\DiskInfoArtificial\DiskInfoArtificial.csproj", "{B8C5EFD5-5093-461E-A65C-134A61A74930}"
EndProject
Project("{9A19103F-16F7-4668-BE54-9A1E7A4F7556}") = "DiskInfoArtificial.Extension", "src\CsharpSrc\DiskInfoArtificial.Extension\DiskInfoArtificial.Extension.csproj", "{1D2D4236-41EE-4769-8B44-8F16CF4BEF74}"
EndProject
Project("{9A19103F-16F7-4668-BE54-9A1E7A4F7556}") = "DiskInfoArtificial.Test", "src\CsharpSrc\DiskInfoArtificial.Test\DiskInfoArtificial.Test.csproj", "{39B11FD0-2609-4150-A41A-79831379DD59}"
EndProject
Project("{2150E333-8FDC-42A3-9474-1A3956D46DE8}") = "Gui", "Gui", "{AF441F7A-83A1-4820-9CB2-F2EB2C644F62}"
EndProject
Project("{9A19103F-16F7-4668-BE54-9A1E7A4F7556}") = "DiskInfoAdvance", "src\GuiSrc\DiskInfoAdvance\DiskInfoAdvance.csproj", "{8FF49BC4-315E-4B2C-9194-305843D9CCA8}"
EndProject
Global
	GlobalSection(SolutionConfigurationPlatforms) = preSolution
		Debug|Any CPU = Debug|Any CPU
		Debug|ARM64 = Debug|ARM64
		Debug|x64 = Debug|x64
		Debug|x86 = Debug|x86
		net_4_0_Debug|Any CPU = net_4_0_Debug|Any CPU
		net_4_0_Debug|ARM64 = net_4_0_Debug|ARM64
		net_4_0_Debug|x64 = net_4_0_Debug|x64
		net_4_0_Debug|x86 = net_4_0_Debug|x86
		Release|Any CPU = Release|Any CPU
		Release|ARM64 = Release|ARM64
		Release|x64 = Release|x64
		Release|x86 = Release|x86
	EndGlobalSection
	GlobalSection(ProjectConfigurationPlatforms) = postSolution
		{5419DC88-3A9C-4525-9EFB-60F06CACAB4C}.Debug|Any CPU.ActiveCfg = Debug|Any CPU
		{5419DC88-3A9C-4525-9EFB-60F06CACAB4C}.Debug|Any CPU.Build.0 = Debug|Any CPU
		{5419DC88-3A9C-4525-9EFB-60F06CACAB4C}.Debug|ARM64.ActiveCfg = Debug|Any CPU
		{5419DC88-3A9C-4525-9EFB-60F06CACAB4C}.Debug|ARM64.Build.0 = Debug|Any CPU
		{5419DC88-3A9C-4525-9EFB-60F06CACAB4C}.Debug|x64.ActiveCfg = Debug|x64
		{5419DC88-3A9C-4525-9EFB-60F06CACAB4C}.Debug|x64.Build.0 = Debug|x64
		{5419DC88-3A9C-4525-9EFB-60F06CACAB4C}.Debug|x86.ActiveCfg = Debug|x86
		{5419DC88-3A9C-4525-9EFB-60F06CACAB4C}.Debug|x86.Build.0 = Debug|x86
		{5419DC88-3A9C-4525-9EFB-60F06CACAB4C}.net_4_0_Debug|Any CPU.ActiveCfg = Debug|Any CPU
		{5419DC88-3A9C-4525-9EFB-60F06CACAB4C}.net_4_0_Debug|Any CPU.Build.0 = Debug|Any CPU
		{5419DC88-3A9C-4525-9EFB-60F06CACAB4C}.net_4_0_Debug|ARM64.ActiveCfg = Debug|Any CPU
		{5419DC88-3A9C-4525-9EFB-60F06CACAB4C}.net_4_0_Debug|ARM64.Build.0 = Debug|Any CPU
		{5419DC88-3A9C-4525-9EFB-60F06CACAB4C}.net_4_0_Debug|x64.ActiveCfg = Debug|x64
		{5419DC88-3A9C-4525-9EFB-60F06CACAB4C}.net_4_0_Debug|x64.Build.0 = Debug|x64
		{5419DC88-3A9C-4525-9EFB-60F06CACAB4C}.net_4_0_Debug|x86.ActiveCfg = Debug|x86
		{5419DC88-3A9C-4525-9EFB-60F06CACAB4C}.net_4_0_Debug|x86.Build.0 = Debug|x86
		{5419DC88-3A9C-4525-9EFB-60F06CACAB4C}.Release|Any CPU.ActiveCfg = Release|Any CPU
		{5419DC88-3A9C-4525-9EFB-60F06CACAB4C}.Release|Any CPU.Build.0 = Release|Any CPU
		{5419DC88-3A9C-4525-9EFB-60F06CACAB4C}.Release|ARM64.ActiveCfg = Release|Any CPU
		{5419DC88-3A9C-4525-9EFB-60F06CACAB4C}.Release|ARM64.Build.0 = Release|Any CPU
		{5419DC88-3A9C-4525-9EFB-60F06CACAB4C}.Release|x64.ActiveCfg = Release|x64
		{5419DC88-3A9C-4525-9EFB-60F06CACAB4C}.Release|x64.Build.0 = Release|x64
		{5419DC88-3A9C-4525-9EFB-60F06CACAB4C}.Release|x86.ActiveCfg = Release|x86
		{5419DC88-3A9C-4525-9EFB-60F06CACAB4C}.Release|x86.Build.0 = Release|x86
		{B8C5EFD5-5093-461E-A65C-134A61A74930}.Debug|Any CPU.ActiveCfg = Debug|Any CPU
		{B8C5EFD5-5093-461E-A65C-134A61A74930}.Debug|Any CPU.Build.0 = Debug|Any CPU
		{B8C5EFD5-5093-461E-A65C-134A61A74930}.Debug|ARM64.ActiveCfg = Debug|Any CPU
		{B8C5EFD5-5093-461E-A65C-134A61A74930}.Debug|ARM64.Build.0 = Debug|Any CPU
		{B8C5EFD5-5093-461E-A65C-134A61A74930}.Debug|x64.ActiveCfg = Debug|x64
		{B8C5EFD5-5093-461E-A65C-134A61A74930}.Debug|x64.Build.0 = Debug|x64
		{B8C5EFD5-5093-461E-A65C-134A61A74930}.Debug|x86.ActiveCfg = Debug|x86
		{B8C5EFD5-5093-461E-A65C-134A61A74930}.Debug|x86.Build.0 = Debug|x86
		{B8C5EFD5-5093-461E-A65C-134A61A74930}.net_4_0_Debug|Any CPU.ActiveCfg = net_4_0_Debug|Any CPU
		{B8C5EFD5-5093-461E-A65C-134A61A74930}.net_4_0_Debug|Any CPU.Build.0 = net_4_0_Debug|Any CPU
		{B8C5EFD5-5093-461E-A65C-134A61A74930}.net_4_0_Debug|ARM64.ActiveCfg = net_4_0_Debug|Any CPU
		{B8C5EFD5-5093-461E-A65C-134A61A74930}.net_4_0_Debug|ARM64.Build.0 = net_4_0_Debug|Any CPU
		{B8C5EFD5-5093-461E-A65C-134A61A74930}.net_4_0_Debug|x64.ActiveCfg = net_4_0_Debug|x64
		{B8C5EFD5-5093-461E-A65C-134A61A74930}.net_4_0_Debug|x64.Build.0 = net_4_0_Debug|x64
		{B8C5EFD5-5093-461E-A65C-134A61A74930}.net_4_0_Debug|x86.ActiveCfg = net_4_0_Debug|x86
		{B8C5EFD5-5093-461E-A65C-134A61A74930}.net_4_0_Debug|x86.Build.0 = net_4_0_Debug|x86
		{B8C5EFD5-5093-461E-A65C-134A61A74930}.Release|Any CPU.ActiveCfg = Release|Any CPU
		{B8C5EFD5-5093-461E-A65C-134A61A74930}.Release|Any CPU.Build.0 = Release|Any CPU
		{B8C5EFD5-5093-461E-A65C-134A61A74930}.Release|ARM64.ActiveCfg = Release|Any CPU
		{B8C5EFD5-5093-461E-A65C-134A61A74930}.Release|ARM64.Build.0 = Release|Any CPU
		{B8C5EFD5-5093-461E-A65C-134A61A74930}.Release|x64.ActiveCfg = Release|x64
		{B8C5EFD5-5093-461E-A65C-134A61A74930}.Release|x64.Build.0 = Release|x64
		{B8C5EFD5-5093-461E-A65C-134A61A74930}.Release|x86.ActiveCfg = Release|x86
		{B8C5EFD5-5093-461E-A65C-134A61A74930}.Release|x86.Build.0 = Release|x86
		{1D2D4236-41EE-4769-8B44-8F16CF4BEF74}.Debug|Any CPU.ActiveCfg = Debug|Any CPU
		{1D2D4236-41EE-4769-8B44-8F16CF4BEF74}.Debug|Any CPU.Build.0 = Debug|Any CPU
		{1D2D4236-41EE-4769-8B44-8F16CF4BEF74}.Debug|ARM64.ActiveCfg = Debug|Any CPU
		{1D2D4236-41EE-4769-8B44-8F16CF4BEF74}.Debug|ARM64.Build.0 = Debug|Any CPU
		{1D2D4236-41EE-4769-8B44-8F16CF4BEF74}.Debug|x64.ActiveCfg = Debug|x64
		{1D2D4236-41EE-4769-8B44-8F16CF4BEF74}.Debug|x64.Build.0 = Debug|x64
		{1D2D4236-41EE-4769-8B44-8F16CF4BEF74}.Debug|x86.ActiveCfg = Debug|x86
		{1D2D4236-41EE-4769-8B44-8F16CF4BEF74}.Debug|x86.Build.0 = Debug|x86
		{1D2D4236-41EE-4769-8B44-8F16CF4BEF74}.net_4_0_Debug|Any CPU.ActiveCfg = net_4_0_Debug|Any CPU
		{1D2D4236-41EE-4769-8B44-8F16CF4BEF74}.net_4_0_Debug|Any CPU.Build.0 = net_4_0_Debug|Any CPU
		{1D2D4236-41EE-4769-8B44-8F16CF4BEF74}.net_4_0_Debug|ARM64.ActiveCfg = net_4_0_Debug|Any CPU
		{1D2D4236-41EE-4769-8B44-8F16CF4BEF74}.net_4_0_Debug|ARM64.Build.0 = net_4_0_Debug|Any CPU
		{1D2D4236-41EE-4769-8B44-8F16CF4BEF74}.net_4_0_Debug|x64.ActiveCfg = net_4_0_Debug|x64
		{1D2D4236-41EE-4769-8B44-8F16CF4BEF74}.net_4_0_Debug|x64.Build.0 = net_4_0_Debug|x64
		{1D2D4236-41EE-4769-8B44-8F16CF4BEF74}.net_4_0_Debug|x86.ActiveCfg = net_4_0_Debug|x86
		{1D2D4236-41EE-4769-8B44-8F16CF4BEF74}.net_4_0_Debug|x86.Build.0 = net_4_0_Debug|x86
		{1D2D4236-41EE-4769-8B44-8F16CF4BEF74}.Release|Any CPU.ActiveCfg = Release|Any CPU
		{1D2D4236-41EE-4769-8B44-8F16CF4BEF74}.Release|Any CPU.Build.0 = Release|Any CPU
		{1D2D4236-41EE-4769-8B44-8F16CF4BEF74}.Release|ARM64.ActiveCfg = Release|Any CPU
		{1D2D4236-41EE-4769-8B44-8F16CF4BEF74}.Release|ARM64.Build.0 = Release|Any CPU
		{1D2D4236-41EE-4769-8B44-8F16CF4BEF74}.Release|x64.ActiveCfg = Release|x64
		{1D2D4236-41EE-4769-8B44-8F16CF4BEF74}.Release|x64.Build.0 = Release|x64
		{1D2D4236-41EE-4769-8B44-8F16CF4BEF74}.Release|x86.ActiveCfg = Release|x86
		{1D2D4236-41EE-4769-8B44-8F16CF4BEF74}.Release|x86.Build.0 = Release|x86
		{39B11FD0-2609-4150-A41A-79831379DD59}.Debug|Any CPU.ActiveCfg = Debug|Any CPU
		{39B11FD0-2609-4150-A41A-79831379DD59}.Debug|Any CPU.Build.0 = Debug|Any CPU
		{39B11FD0-2609-4150-A41A-79831379DD59}.Debug|ARM64.ActiveCfg = Debug|Any CPU
		{39B11FD0-2609-4150-A41A-79831379DD59}.Debug|ARM64.Build.0 = Debug|Any CPU
		{39B11FD0-2609-4150-A41A-79831379DD59}.Debug|x64.ActiveCfg = Debug|x64
		{39B11FD0-2609-4150-A41A-79831379DD59}.Debug|x64.Build.0 = Debug|x64
		{39B11FD0-2609-4150-A41A-79831379DD59}.Debug|x86.ActiveCfg = Debug|x86
		{39B11FD0-2609-4150-A41A-79831379DD59}.Debug|x86.Build.0 = Debug|x86
		{39B11FD0-2609-4150-A41A-79831379DD59}.net_4_0_Debug|Any CPU.ActiveCfg = net_4_0_Debug|Any CPU
		{39B11FD0-2609-4150-A41A-79831379DD59}.net_4_0_Debug|Any CPU.Build.0 = net_4_0_Debug|Any CPU
		{39B11FD0-2609-4150-A41A-79831379DD59}.net_4_0_Debug|ARM64.ActiveCfg = net_4_0_Debug|Any CPU
		{39B11FD0-2609-4150-A41A-79831379DD59}.net_4_0_Debug|ARM64.Build.0 = net_4_0_Debug|Any CPU
		{39B11FD0-2609-4150-A41A-79831379DD59}.net_4_0_Debug|x64.ActiveCfg = net_4_0_Debug|x64
		{39B11FD0-2609-4150-A41A-79831379DD59}.net_4_0_Debug|x64.Build.0 = net_4_0_Debug|x64
		{39B11FD0-2609-4150-A41A-79831379DD59}.net_4_0_Debug|x86.ActiveCfg = net_4_0_Debug|x86
		{39B11FD0-2609-4150-A41A-79831379DD59}.net_4_0_Debug|x86.Build.0 = net_4_0_Debug|x86
		{39B11FD0-2609-4150-A41A-79831379DD59}.Release|Any CPU.ActiveCfg = Release|Any CPU
		{39B11FD0-2609-4150-A41A-79831379DD59}.Release|Any CPU.Build.0 = Release|Any CPU
		{39B11FD0-2609-4150-A41A-79831379DD59}.Release|ARM64.ActiveCfg = Release|Any CPU
		{39B11FD0-2609-4150-A41A-79831379DD59}.Release|ARM64.Build.0 = Release|Any CPU
		{39B11FD0-2609-4150-A41A-79831379DD59}.Release|x64.ActiveCfg = Release|x64
		{39B11FD0-2609-4150-A41A-79831379DD59}.Release|x64.Build.0 = Release|x64
		{39B11FD0-2609-4150-A41A-79831379DD59}.Release|x86.ActiveCfg = Release|x86
		{39B11FD0-2609-4150-A41A-79831379DD59}.Release|x86.Build.0 = Release|x86
		{8FF49BC4-315E-4B2C-9194-305843D9CCA8}.Debug|Any CPU.ActiveCfg = Debug|x64
		{8FF49BC4-315E-4B2C-9194-305843D9CCA8}.Debug|Any CPU.Build.0 = Debug|x64
		{8FF49BC4-315E-4B2C-9194-305843D9CCA8}.Debug|Any CPU.Deploy.0 = Debug|x64
		{8FF49BC4-315E-4B2C-9194-305843D9CCA8}.Debug|ARM64.ActiveCfg = Debug|ARM64
		{8FF49BC4-315E-4B2C-9194-305843D9CCA8}.Debug|ARM64.Build.0 = Debug|ARM64
		{8FF49BC4-315E-4B2C-9194-305843D9CCA8}.Debug|ARM64.Deploy.0 = Debug|ARM64
		{8FF49BC4-315E-4B2C-9194-305843D9CCA8}.Debug|x64.ActiveCfg = Debug|x64
		{8FF49BC4-315E-4B2C-9194-305843D9CCA8}.Debug|x64.Build.0 = Debug|x64
		{8FF49BC4-315E-4B2C-9194-305843D9CCA8}.Debug|x64.Deploy.0 = Debug|x64
		{8FF49BC4-315E-4B2C-9194-305843D9CCA8}.Debug|x86.ActiveCfg = Debug|x86
		{8FF49BC4-315E-4B2C-9194-305843D9CCA8}.Debug|x86.Build.0 = Debug|x86
		{8FF49BC4-315E-4B2C-9194-305843D9CCA8}.Debug|x86.Deploy.0 = Debug|x86
		{8FF49BC4-315E-4B2C-9194-305843D9CCA8}.net_4_0_Debug|Any CPU.ActiveCfg = Debug|x64
		{8FF49BC4-315E-4B2C-9194-305843D9CCA8}.net_4_0_Debug|Any CPU.Build.0 = Debug|x64
		{8FF49BC4-315E-4B2C-9194-305843D9CCA8}.net_4_0_Debug|Any CPU.Deploy.0 = Debug|x64
		{8FF49BC4-315E-4B2C-9194-305843D9CCA8}.net_4_0_Debug|ARM64.ActiveCfg = Debug|ARM64
		{8FF49BC4-315E-4B2C-9194-305843D9CCA8}.net_4_0_Debug|ARM64.Build.0 = Debug|ARM64
		{8FF49BC4-315E-4B2C-9194-305843D9CCA8}.net_4_0_Debug|ARM64.Deploy.0 = Debug|ARM64
		{8FF49BC4-315E-4B2C-9194-305843D9CCA8}.net_4_0_Debug|x64.ActiveCfg = Debug|x64
		{8FF49BC4-315E-4B2C-9194-305843D9CCA8}.net_4_0_Debug|x64.Build.0 = Debug|x64
		{8FF49BC4-315E-4B2C-9194-305843D9CCA8}.net_4_0_Debug|x64.Deploy.0 = Debug|x64
		{8FF49BC4-315E-4B2C-9194-305843D9CCA8}.net_4_0_Debug|x86.ActiveCfg = Debug|x86
		{8FF49BC4-315E-4B2C-9194-305843D9CCA8}.net_4_0_Debug|x86.Build.0 = Debug|x86
		{8FF49BC4-315E-4B2C-9194-305843D9CCA8}.net_4_0_Debug|x86.Deploy.0 = Debug|x86
		{8FF49BC4-315E-4B2C-9194-305843D9CCA8}.Release|Any CPU.ActiveCfg = Release|x64
		{8FF49BC4-315E-4B2C-9194-305843D9CCA8}.Release|Any CPU.Build.0 = Release|x64
		{8FF49BC4-315E-4B2C-9194-305843D9CCA8}.Release|Any CPU.Deploy.0 = Release|x64
		{8FF49BC4-315E-4B2C-9194-305843D9CCA8}.Release|ARM64.ActiveCfg = Release|ARM64
		{8FF49BC4-315E-4B2C-9194-305843D9CCA8}.Release|ARM64.Build.0 = Release|ARM64
		{8FF49BC4-315E-4B2C-9194-305843D9CCA8}.Release|ARM64.Deploy.0 = Release|ARM64
		{8FF49BC4-315E-4B2C-9194-305843D9CCA8}.Release|x64.ActiveCfg = Release|x64
		{8FF49BC4-315E-4B2C-9194-305843D9CCA8}.Release|x64.Build.0 = Release|x64
		{8FF49BC4-315E-4B2C-9194-305843D9CCA8}.Release|x64.Deploy.0 = Release|x64
		{8FF49BC4-315E-4B2C-9194-305843D9CCA8}.Release|x86.ActiveCfg = Release|x86
		{8FF49BC4-315E-4B2C-9194-305843D9CCA8}.Release|x86.Build.0 = Release|x86
		{8FF49BC4-315E-4B2C-9194-305843D9CCA8}.Release|x86.Deploy.0 = Release|x86
	EndGlobalSection
	GlobalSection(SolutionProperties) = preSolution
		HideSolutionNode = FALSE
	EndGlobalSection
	GlobalSection(NestedProjects) = preSolution
		{DA61F361-335A-4F31-9262-2E9900FD1284} = {BF91C9B9-D870-4AE6-9D8D-CED17DE59BB4}
		{C6E5ECB7-3B57-4185-B1E4-D1E661404302} = {BF91C9B9-D870-4AE6-9D8D-CED17DE59BB4}
		{153CE141-F56B-44A2-8EDE-32062D8255B9} = {C6E5ECB7-3B57-4185-B1E4-D1E661404302}
		{3D03EFE8-15B4-422A-B18C-9F089ABE1F46} = {C6E5ECB7-3B57-4185-B1E4-D1E661404302}
		{4A4DCE20-34CE-4E73-AAA7-63A88D18245C} = {C6E5ECB7-3B57-4185-B1E4-D1E661404302}
		{90CF9B0A-0DC5-42A1-916A-784B362D6C34} = {C6E5ECB7-3B57-4185-B1E4-D1E661404302}
		{8FF49BC4-315E-4B2C-9194-305843D9CCA8} = {AF441F7A-83A1-4820-9CB2-F2EB2C644F62}
	EndGlobalSection
	GlobalSection(ExtensibilityGlobals) = postSolution
		SolutionGuid = {A2798BBA-A1CB-4E01-AF5A-E3CB08D9646B}
	EndGlobalSection
	GlobalSection(SharedMSBuildProjectFiles) = preSolution
		src\SharedSrc\CrystalDiskInfoDotnet.Shared\CrystalDiskInfoDotnet.Shared.projitems*{153ce141-f56b-44a2-8ede-32062d8255b9}*SharedItemsImports = 13
		src\SharedSrc\HelperClass\HelperClass.projitems*{1d2d4236-41ee-4769-8b44-8f16cf4bef74}*SharedItemsImports = 5
		src\SharedSrc\DiskInfoArtificial.Shared\DiskInfoArtificial.Shared.projitems*{3d03efe8-15b4-422a-b18c-9f089abe1f46}*SharedItemsImports = 13
		src\SharedSrc\FrameWorkEngine.Unsafe\FrameWorkEngine.projitems*{4a4dce20-34ce-4e73-aaa7-63a88d18245c}*SharedItemsImports = 13
		src\SharedSrc\CrystalDiskInfoDotnet.Shared\CrystalDiskInfoDotnet.Shared.projitems*{5419dc88-3a9c-4525-9efb-60f06cacab4c}*SharedItemsImports = 5
		src\SharedSrc\CrystalDiskInfoDotnet.Shared\CrystalDiskInfoDotnet.Shared.projitems*{8ff49bc4-315e-4b2c-9194-305843d9cca8}*SharedItemsImports = 5
		src\SharedSrc\DiskInfoArtificial.Shared\DiskInfoArtificial.Shared.projitems*{8ff49bc4-315e-4b2c-9194-305843d9cca8}*SharedItemsImports = 5
		src\SharedSrc\HelperClass\HelperClass.projitems*{8ff49bc4-315e-4b2c-9194-305843d9cca8}*SharedItemsImports = 5
		src\SharedSrc\HelperClass\HelperClass.projitems*{90cf9b0a-0dc5-42a1-916a-784b362d6c34}*SharedItemsImports = 13
		src\SharedSrc\DiskInfoArtificial.Shared\DiskInfoArtificial.Shared.projitems*{b8c5efd5-5093-461e-a65c-134a61a74930}*SharedItemsImports = 5
	EndGlobalSection
EndGlobal
